
Microsoft Visual Studio Solution File, Format Version 12.00
# Visual Studio Version 17
VisualStudioVersion = 17.0.31903.59
MinimumVisualStudioVersion = 10.0.40219.1
Project("{FAE04EC0-301F-11D3-BF4B-00C04F79EFBC}") = "Cryptool", "Cryptool\Cryptool.csproj", "{4220D0F4-AB5A-4389-B876-7E32E48545C4}"
EndProject
Project("{FAE04EC0-301F-11D3-BF4B-00C04F79EFBC}") = "Cryptool.Tests", "Cryptool.Tests\Cryptool.Tests.csproj", "{F4D6F73A-2D96-4CDB-B7C0-ABA1102318DD}"
EndProject
Global
	GlobalSection(SolutionConfigurationPlatforms) = preSolution
		Debug|Any CPU = Debug|Any CPU
		Release|Any CPU = Release|Any CPU
	EndGlobalSection
	GlobalSection(SolutionProperties) = preSolution
		HideSolutionNode = FALSE
	EndGlobalSection
	GlobalSection(ProjectConfigurationPlatforms) = postSolution
		{4220D0F4-AB5A-4389-B876-7E32E48545C4}.Debug|Any CPU.ActiveCfg = Debug|Any CPU
		{4220D0F4-AB5A-4389-B876-7E32E48545C4}.Debug|Any CPU.Build.0 = Debug|Any CPU
		{4220D0F4-AB5A-4389-B876-7E32E48545C4}.Release|Any CPU.ActiveCfg = Release|Any CPU
		{4220D0F4-AB5A-4389-B876-7E32E48545C4}.Release|Any CPU.Build.0 = Release|Any CPU
		{F4D6F73A-2D96-4CDB-B7C0-ABA1102318DD}.Debug|Any CPU.ActiveCfg = Debug|Any CPU
		{F4D6F73A-2D96-4CDB-B7C0-ABA1102318DD}.Debug|Any CPU.Build.0 = Debug|Any CPU
		{F4D6F73A-2D96-4CDB-B7C0-ABA1102318DD}.Release|Any CPU.ActiveCfg = Release|Any CPU
		{F4D6F73A-2D96-4CDB-B7C0-ABA1102318DD}.Release|Any CPU.Build.0 = Release|Any CPU
	EndGlobalSection
EndGlobal
